
Microsoft Visual Studio Solution File, Format Version 12.00
# Visual Studio Version 16
VisualStudioVersion = 16.0.30523.141
MinimumVisualStudioVersion = 10.0.40219.1
Project("{FAE04EC0-301F-11D3-BF4B-00C04F79EFBC}") = "Mihai_Andreea_Lab8", "Mihai_Andreea_Lab8.csproj", "{1302B582-E3DE-40EC-B110-57E3EDD06285}"
EndProject
Global
	GlobalSection(SolutionConfigurationPlatforms) = preSolution
		Debug|Any CPU = Debug|Any CPU
		Release|Any CPU = Release|Any CPU
	EndGlobalSection
	GlobalSection(ProjectConfigurationPlatforms) = postSolution
		{1302B582-E3DE-40EC-B110-57E3EDD06285}.Debug|Any CPU.ActiveCfg = Debug|Any CPU
		{1302B582-E3DE-40EC-B110-57E3EDD06285}.Debug|Any CPU.Build.0 = Debug|Any CPU
		{1302B582-E3DE-40EC-B110-57E3EDD06285}.Release|Any CPU.ActiveCfg = Release|Any CPU
		{1302B582-E3DE-40EC-B110-57E3EDD06285}.Release|Any CPU.Build.0 = Release|Any CPU
	EndGlobalSection
	GlobalSection(SolutionProperties) = preSolution
		HideSolutionNode = FALSE
	EndGlobalSection
	GlobalSection(ExtensibilityGlobals) = postSolution
		SolutionGuid = {3361487C-EC9C-4FCB-9EB7-74C62660588C}
	EndGlobalSection
EndGlobal
